// !$*UTF8*$!
{
	archiveVersion = 1;
	classes = {
	};
	objectVersion = 46;
	objects = {

/* Begin PBXBuildFile section */
		84CA16B81ACC685300E7197B /* main.m in Sources */ = {isa = PBXBuildFile; fileRef = 84CA16B71ACC685300E7197B /* main.m */; };
		84CA16BB1ACC685300E7197B /* AppDelegate.m in Sources */ = {isa = PBXBuildFile; fileRef = 84CA16BA1ACC685300E7197B /* AppDelegate.m */; };
		84CA16BE1ACC685300E7197B /* ViewController.m in Sources */ = {isa = PBXBuildFile; fileRef = 84CA16BD1ACC685300E7197B /* ViewController.m */; };
		84CA16C11ACC685300E7197B /* Main.storyboard in Resources */ = {isa = PBXBuildFile; fileRef = 84CA16BF1ACC685300E7197B /* Main.storyboard */; };
		84CA16C31ACC685300E7197B /* Images.xcassets in Resources */ = {isa = PBXBuildFile; fileRef = 84CA16C21ACC685300E7197B /* Images.xcassets */; };
		84CA16C61ACC685300E7197B /* LaunchScreen.xib in Resources */ = {isa = PBXBuildFile; fileRef = 84CA16C41ACC685300E7197B /* LaunchScreen.xib */; };
		84CA16D21ACC685300E7197B /* DynamicHighlightButtonTests.m in Sources */ = {isa = PBXBuildFile; fileRef = 84CA16D11ACC685300E7197B /* DynamicHighlightButtonTests.m */; };
		84CA16E01ACC6DF200E7197B /* UIView+Highlight.m in Sources */ = {isa = PBXBuildFile; fileRef = 84CA16DF1ACC6C2900E7197B /* UIView+Highlight.m */; };
/* End PBXBuildFile section */

/* Begin PBXContainerItemProxy section */
		84CA16CC1ACC685300E7197B /* PBXContainerItemProxy */ = {
			isa = PBXContainerItemProxy;
			containerPortal = 84CA16AA1ACC685300E7197B /* Project object */;
			proxyType = 1;
			remoteGlobalIDString = 84CA16B11ACC685300E7197B;
			remoteInfo = DynamicHighlightButton;
		};
/* End PBXContainerItemProxy section */

/* Begin PBXFileReference section */
		84CA16B21ACC685300E7197B /* DynamicHighlightButton.app */ = {isa = PBXFileReference; explicitFileType = wrapper.application; includeInIndex = 0; path = DynamicHighlightButton.app; sourceTree = BUILT_PRODUCTS_DIR; };
		84CA16B61ACC685300E7197B /* Info.plist */ = {isa = PBXFileReference; lastKnownFileType = text.plist.xml; path = Info.plist; sourceTree = "<group>"; };
		84CA16B71ACC685300E7197B /* main.m */ = {isa = PBXFileReference; lastKnownFileType = sourcecode.c.objc; path = main.m; sourceTree = "<group>"; };
		84CA16B91ACC685300E7197B /* AppDelegate.h */ = {isa = PBXFileReference; lastKnownFileType = sourcecode.c.h; path = AppDelegate.h; sourceTree = "<group>"; };
		84CA16BA1ACC685300E7197B /* AppDelegate.m */ = {isa = PBXFileReference; lastKnownFileType = sourcecode.c.objc; path = AppDelegate.m; sourceTree = "<group>"; };
		84CA16BC1ACC685300E7197B /* ViewController.h */ = {isa = PBXFileReference; lastKnownFileType = sourcecode.c.h; path = ViewController.h; sourceTree = "<group>"; };
		84CA16BD1ACC685300E7197B /* ViewController.m */ = {isa = PBXFileReference; lastKnownFileType = sourcecode.c.objc; path = ViewController.m; sourceTree = "<group>"; };
		84CA16C01ACC685300E7197B /* Base */ = {isa = PBXFileReference; lastKnownFileType = file.storyboard; name = Base; path = Base.lproj/Main.storyboard; sourceTree = "<group>"; };
		84CA16C21ACC685300E7197B /* Images.xcassets */ = {isa = PBXFileReference; lastKnownFileType = folder.assetcatalog; path = Images.xcassets; sourceTree = "<group>"; };
		84CA16C51ACC685300E7197B /* Base */ = {isa = PBXFileReference; lastKnownFileType = file.xib; name = Base; path = Base.lproj/LaunchScreen.xib; sourceTree = "<group>"; };
		84CA16CB1ACC685300E7197B /* DynamicHighlightButtonTests.xctest */ = {isa = PBXFileReference; explicitFileType = wrapper.cfbundle; includeInIndex = 0; path = DynamicHighlightButtonTests.xctest; sourceTree = BUILT_PRODUCTS_DIR; };
		84CA16D01ACC685300E7197B /* Info.plist */ = {isa = PBXFileReference; lastKnownFileType = text.plist.xml; path = Info.plist; sourceTree = "<group>"; };
		84CA16D11ACC685300E7197B /* DynamicHighlightButtonTests.m */ = {isa = PBXFileReference; lastKnownFileType = sourcecode.c.objc; path = DynamicHighlightButtonTests.m; sourceTree = "<group>"; };
		84CA16DE1ACC6C2900E7197B /* UIView+Highlight.h */ = {isa = PBXFileReference; lastKnownFileType = sourcecode.c.h; path = "UIView+Highlight.h"; sourceTree = "<group>"; };
		84CA16DF1ACC6C2900E7197B /* UIView+Highlight.m */ = {isa = PBXFileReference; lastKnownFileType = sourcecode.c.objc; path = "UIView+Highlight.m"; sourceTree = "<group>"; };
/* End PBXFileReference section */

/* Begin PBXFrameworksBuildPhase section */
		84CA16AF1ACC685300E7197B /* Frameworks */ = {
			isa = PBXFrameworksBuildPhase;
			buildActionMask = 2147483647;
			files = (
			);
			runOnlyForDeploymentPostprocessing = 0;
		};
		84CA16C81ACC685300E7197B /* Frameworks */ = {
			isa = PBXFrameworksBuildPhase;
			buildActionMask = 2147483647;
			files = (
			);
			runOnlyForDeploymentPostprocessing = 0;
		};
/* End PBXFrameworksBuildPhase section */

/* Begin PBXGroup section */
		84CA16A91ACC685300E7197B = {
			isa = PBXGroup;
			children = (
				84CA16B41ACC685300E7197B /* DynamicHighlightButton */,
				84CA16CE1ACC685300E7197B /* DynamicHighlightButtonTests */,
				84CA16B31ACC685300E7197B /* Products */,
			);
			sourceTree = "<group>";
		};
		84CA16B31ACC685300E7197B /* Products */ = {
			isa = PBXGroup;
			children = (
				84CA16B21ACC685300E7197B /* DynamicHighlightButton.app */,
				84CA16CB1ACC685300E7197B /* DynamicHighlightButtonTests.xctest */,
			);
			name = Products;
			sourceTree = "<group>";
		};
		84CA16B41ACC685300E7197B /* DynamicHighlightButton */ = {
			isa = PBXGroup;
			children = (
				84CA16B91ACC685300E7197B /* AppDelegate.h */,
				84CA16BA1ACC685300E7197B /* AppDelegate.m */,
				84CA16BC1ACC685300E7197B /* ViewController.h */,
				84CA16BD1ACC685300E7197B /* ViewController.m */,
				84CA16DE1ACC6C2900E7197B /* UIView+Highlight.h */,
				84CA16DF1ACC6C2900E7197B /* UIView+Highlight.m */,
				84CA16BF1ACC685300E7197B /* Main.storyboard */,
				84CA16C21ACC685300E7197B /* Images.xcassets */,
				84CA16C41ACC685300E7197B /* LaunchScreen.xib */,
				84CA16B51ACC685300E7197B /* Supporting Files */,
			);
			path = DynamicHighlightButton;
			sourceTree = "<group>";
		};
		84CA16B51ACC685300E7197B /* Supporting Files */ = {
			isa = PBXGroup;
			children = (
				84CA16B61ACC685300E7197B /* Info.plist */,
				84CA16B71ACC685300E7197B /* main.m */,
			);
			name = "Supporting Files";
			sourceTree = "<group>";
		};
		84CA16CE1ACC685300E7197B /* DynamicHighlightButtonTests */ = {
			isa = PBXGroup;
			children = (
				84CA16D11ACC685300E7197B /* DynamicHighlightButtonTests.m */,
				84CA16CF1ACC685300E7197B /* Supporting Files */,
			);
			path = DynamicHighlightButtonTests;
			sourceTree = "<group>";
		};
		84CA16CF1ACC685300E7197B /* Supporting Files */ = {
			isa = PBXGroup;
			children = (
				84CA16D01ACC685300E7197B /* Info.plist */,
			);
			name = "Supporting Files";
			sourceTree = "<group>";
		};
/* End PBXGroup section */

/* Begin PBXNativeTarget section */
		84CA16B11ACC685300E7197B /* DynamicHighlightButton */ = {
			isa = PBXNativeTarget;
			buildConfigurationList = 84CA16D51ACC685300E7197B /* Build configuration list for PBXNativeTarget "DynamicHighlightButton" */;
			buildPhases = (
				84CA16AE1ACC685300E7197B /* Sources */,
				84CA16AF1ACC685300E7197B /* Frameworks */,
				84CA16B01ACC685300E7197B /* Resources */,
			);
			buildRules = (
			);
			dependencies = (
			);
			name = DynamicHighlightButton;
			productName = DynamicHighlightButton;
			productReference = 84CA16B21ACC685300E7197B /* DynamicHighlightButton.app */;
			productType = "com.apple.product-type.application";
		};
		84CA16CA1ACC685300E7197B /* DynamicHighlightButtonTests */ = {
			isa = PBXNativeTarget;
			buildConfigurationList = 84CA16D81ACC685300E7197B /* Build configuration list for PBXNativeTarget "DynamicHighlightButtonTests" */;
			buildPhases = (
				84CA16C71ACC685300E7197B /* Sources */,
				84CA16C81ACC685300E7197B /* Frameworks */,
				84CA16C91ACC685300E7197B /* Resources */,
			);
			buildRules = (
			);
			dependencies = (
				84CA16CD1ACC685300E7197B /* PBXTargetDependency */,
			);
			name = DynamicHighlightButtonTests;
			productName = DynamicHighlightButtonTests;
			productReference = 84CA16CB1ACC685300E7197B /* DynamicHighlightButtonTests.xctest */;
			productType = "com.apple.product-type.bundle.unit-test";
		};
/* End PBXNativeTarget section */

/* Begin PBXProject section */
		84CA16AA1ACC685300E7197B /* Project object */ = {
			isa = PBXProject;
			attributes = {
				LastUpgradeCheck = 0610;
				ORGANIZATIONNAME = corsarus;
				TargetAttributes = {
					84CA16B11ACC685300E7197B = {
						CreatedOnToolsVersion = 6.1.1;
					};
					84CA16CA1ACC685300E7197B = {
						CreatedOnToolsVersion = 6.1.1;
						TestTargetID = 84CA16B11ACC685300E7197B;
					};
				};
			};
			buildConfigurationList = 84CA16AD1ACC685300E7197B /* Build configuration list for PBXProject "DynamicHighlightButton" */;
			compatibilityVersion = "Xcode 3.2";
			developmentRegion = English;
			hasScannedForEncodings = 0;
			knownRegions = (
				en,
				Base,
			);
			mainGroup = 84CA16A91ACC685300E7197B;
			productRefGroup = 84CA16B31ACC685300E7197B /* Products */;
			projectDirPath = "";
			projectRoot = "";
			targets = (
				84CA16B11ACC685300E7197B /* DynamicHighlightButton */,
				84CA16CA1ACC685300E7197B /* DynamicHighlightButtonTests */,
			);
		};
/* End PBXProject section */

/* Begin PBXResourcesBuildPhase section */
		84CA16B01ACC685300E7197B /* Resources */ = {
			isa = PBXResourcesBuildPhase;
			buildActionMask = 2147483647;
			files = (
				84CA16C11ACC685300E7197B /* Main.storyboard in Resources */,
				84CA16C61ACC685300E7197B /* LaunchScreen.xib in Resources */,
				84CA16C31ACC685300E7197B /* Images.xcassets in Resources */,
			);
			runOnlyForDeploymentPostprocessing = 0;
		};
		84CA16C91ACC685300E7197B /* Resources */ = {
			isa = PBXResourcesBuildPhase;
			buildActionMask = 2147483647;
			files = (
			);
			runOnlyForDeploymentPostprocessing = 0;
		};
/* End PBXResourcesBuildPhase section */

/* Begin PBXSourcesBuildPhase section */
		84CA16AE1ACC685300E7197B /* Sources */ = {
			isa = PBXSourcesBuildPhase;
			buildActionMask = 2147483647;
			files = (
				84CA16BE1ACC685300E7197B /* ViewController.m in Sources */,
				84CA16BB1ACC685300E7197B /* AppDelegate.m in Sources */,
				84CA16E01ACC6DF200E7197B /* UIView+Highlight.m in Sources */,
				84CA16B81ACC685300E7197B /* main.m in Sources */,
			);
			runOnlyForDeploymentPostprocessing = 0;
		};
		84CA16C71ACC685300E7197B /* Sources */ = {
			isa = PBXSourcesBuildPhase;
			buildActionMask = 2147483647;
			files = (
				84CA16D21ACC685300E7197B /* DynamicHighlightButtonTests.m in Sources */,
			);
			runOnlyForDeploymentPostprocessing = 0;
		};
/* End PBXSourcesBuildPhase section */

/* Begin PBXTargetDependency section */
		84CA16CD1ACC685300E7197B /* PBXTargetDependency */ = {
			isa = PBXTargetDependency;
			target = 84CA16B11ACC685300E7197B /* DynamicHighlightButton */;
			targetProxy = 84CA16CC1ACC685300E7197B /* PBXContainerItemProxy */;
		};
/* End PBXTargetDependency section */

/* Begin PBXVariantGroup section */
		84CA16BF1ACC685300E7197B /* Main.storyboard */ = {
			isa = PBXVariantGroup;
			children = (
				84CA16C01ACC685300E7197B /* Base */,
			);
			name = Main.storyboard;
			sourceTree = "<group>";
		};
		84CA16C41ACC685300E7197B /* LaunchScreen.xib */ = {
			isa = PBXVariantGroup;
			children = (
				84CA16C51ACC685300E7197B /* Base */,
			);
			name = LaunchScreen.xib;
			sourceTree = "<group>";
		};
/* End PBXVariantGroup section */

/* Begin XCBuildConfiguration section */
		84CA16D31ACC685300E7197B /* Debug */ = {
			isa = XCBuildConfiguration;
			buildSettings = {
				ALWAYS_SEARCH_USER_PATHS = NO;
				CLANG_CXX_LANGUAGE_STANDARD = "gnu++0x";
				CLANG_CXX_LIBRARY = "libc++";
				CLANG_ENABLE_MODULES = YES;
				CLANG_ENABLE_OBJC_ARC = YES;
				CLANG_WARN_BOOL_CONVERSION = YES;
				CLANG_WARN_CONSTANT_CONVERSION = YES;
				CLANG_WARN_DIRECT_OBJC_ISA_USAGE = YES_ERROR;
				CLANG_WARN_EMPTY_BODY = YES;
				CLANG_WARN_ENUM_CONVERSION = YES;
				CLANG_WARN_INT_CONVERSION = YES;
				CLANG_WARN_OBJC_ROOT_CLASS = YES_ERROR;
				CLANG_WARN_UNREACHABLE_CODE = YES;
				CLANG_WARN__DUPLICATE_METHOD_MATCH = YES;
				"CODE_SIGN_IDENTITY[sdk=iphoneos*]" = "iPhone Developer";
				COPY_PHASE_STRIP = NO;
				ENABLE_STRICT_OBJC_MSGSEND = YES;
				GCC_C_LANGUAGE_STANDARD = gnu99;
				GCC_DYNAMIC_NO_PIC = NO;
				GCC_OPTIMIZATION_LEVEL = 0;
				GCC_PREPROCESSOR_DEFINITIONS = (
					"DEBUG=1",
					"$(inherited)",
				);
				GCC_SYMBOLS_PRIVATE_EXTERN = NO;
				GCC_WARN_64_TO_32_BIT_CONVERSION = YES;
				GCC_WARN_ABOUT_RETURN_TYPE = YES_ERROR;
				GCC_WARN_UNDECLARED_SELECTOR = YES;
				GCC_WARN_UNINITIALIZED_AUTOS = YES_AGGRESSIVE;
				GCC_WARN_UNUSED_FUNCTION = YES;
				GCC_WARN_UNUSED_VARIABLE = YES;
				IPHONEOS_DEPLOYMENT_TARGET = 8.1;
				MTL_ENABLE_DEBUG_INFO = YES;
				ONLY_ACTIVE_ARCH = YES;
				SDKROOT = iphoneos;
			};
			name = Debug;
		};
		84CA16D41ACC685300E7197B /* Release */ = {
			isa = XCBuildConfiguration;
			buildSettings = {
				ALWAYS_SEARCH_USER_PATHS = NO;
				CLANG_CXX_LANGUAGE_STANDARD = "gnu++0x";
				CLANG_CXX_LIBRARY = "libc++";
				CLANG_ENABLE_MODULES = YES;
				CLANG_ENABLE_OBJC_ARC = YES;
				CLANG_WARN_BOOL_CONVERSION = YES;
				CLANG_WARN_CONSTANT_CONVERSION = YES;
				CLANG_WARN_DIRECT_OBJC_ISA_USAGE = YES_ERROR;
				CLANG_WARN_EMPTY_BODY = YES;
				CLANG_WARN_ENUM_CONVERSION = YES;
				CLANG_WARN_INT_CONVERSION = YES;
				CLANG_WARN_OBJC_ROOT_CLASS = YES_ERROR;
				CLANG_WARN_UNREACHABLE_CODE = YES;
				CLANG_WARN__DUPLICATE_METHOD_MATCH = YES;
				"CODE_SIGN_IDENTITY[sdk=iphoneos*]" = "iPhone Developer";
				COPY_PHASE_STRIP = YES;
				ENABLE_NS_ASSERTIONS = NO;
				ENABLE_STRICT_OBJC_MSGSEND = YES;
				GCC_C_LANGUAGE_STANDARD = gnu99;
				GCC_WARN_64_TO_32_BIT_CONVERSION = YES;
				GCC_WARN_ABOUT_RETURN_TYPE = YES_ERROR;
				GCC_WARN_UNDECLARED_SELECTOR = YES;
				GCC_WARN_UNINITIALIZED_AUTOS = YES_AGGRESSIVE;
				GCC_WARN_UNUSED_FUNCTION = YES;
				GCC_WARN_UNUSED_VARIABLE = YES;
				IPHONEOS_DEPLOYMENT_TARGET = 8.1;
				MTL_ENABLE_DEBUG_INFO = NO;
				SDKROOT = iphoneos;
				VALIDATE_PRODUCT = YES;
			};
			name = Release;
		};
		84CA16D61ACC685300E7197B /* Debug */ = {
			isa = XCBuildConfiguration;
			buildSettings = {
				ASSETCATALOG_COMPILER_APPICON_NAME = AppIcon;
				INFOPLIST_FILE = DynamicHighlightButton/Info.plist;
				LD_RUNPATH_SEARCH_PATHS = "$(inherited) @executable_path/Frameworks";
				PRODUCT_NAME = "$(TARGET_NAME)";
			};
			name = Debug;
		};
		84CA16D71ACC685300E7197B /* Release */ = {
			isa = XCBuildConfiguration;
			buildSettings = {
				ASSETCATALOG_COMPILER_APPICON_NAME = AppIcon;
				INFOPLIST_FILE = DynamicHighlightButton/Info.plist;
				LD_RUNPATH_SEARCH_PATHS = "$(inherited) @executable_path/Frameworks";
				PRODUCT_NAME = "$(TARGET_NAME)";
			};
			name = Release;
		};
		84CA16D91ACC685300E7197B /* Debug */ = {
			isa = XCBuildConfiguration;
			buildSettings = {
				BUNDLE_LOADER = "$(TEST_HOST)";
				FRAMEWORK_SEARCH_PATHS = (
					"$(SDKROOT)/Developer/Library/Frameworks",
					"$(inherited)",
				);
				GCC_PREPROCESSOR_DEFINITIONS = (
					"DEBUG=1",
					"$(inherited)",
				);
				INFOPLIST_FILE = DynamicHighlightButtonTests/Info.plist;
				LD_RUNPATH_SEARCH_PATHS = "$(inherited) @executable_path/Frameworks @loader_path/Frameworks";
				PRODUCT_NAME = "$(TARGET_NAME)";
				TEST_HOST = "$(BUILT_PRODUCTS_DIR)/DynamicHighlightButton.app/DynamicHighlightButton";
			};
			name = Debug;
		};
		84CA16DA1ACC685300E7197B /* Release */ = {
			isa = XCBuildConfiguration;
			buildSettings = {
				BUNDLE_LOADER = "$(TEST_HOST)";
				FRAMEWORK_SEARCH_PATHS = (
					"$(SDKROOT)/Developer/Library/Frameworks",
					"$(inherited)",
				);
				INFOPLIST_FILE = DynamicHighlightButtonTests/Info.plist;
				LD_RUNPATH_SEARCH_PATHS = "$(inherited) @executable_path/Frameworks @loader_path/Frameworks";
				PRODUCT_NAME = "$(TARGET_NAME)";
				TEST_HOST = "$(BUILT_PRODUCTS_DIR)/DynamicHighlightButton.app/DynamicHighlightButton";
			};
			name = Release;
		};
/* End XCBuildConfiguration section */

/* Begin XCConfigurationList section */
		84CA16AD1ACC685300E7197B /* Build configuration list for PBXProject "DynamicHighlightButton" */ = {
			isa = XCConfigurationList;
			buildConfigurations = (
				84CA16D31ACC685300E7197B /* Debug */,
				84CA16D41ACC685300E7197B /* Release */,
			);
			defaultConfigurationIsVisible = 0;
			defaultConfigurationName = Release;
		};
		84CA16D51ACC685300E7197B /* Build configuration list for PBXNativeTarget "DynamicHighlightButton" */ = {
			isa = XCConfigurationList;
			buildConfigurations = (
				84CA16D61ACC685300E7197B /* Debug */,
				84CA16D71ACC685300E7197B /* Release */,
			);
			defaultConfigurationIsVisible = 0;
		};
		84CA16D81ACC685300E7197B /* Build configuration list for PBXNativeTarget "DynamicHighlightButtonTests" */ = {
			isa = XCConfigurationList;
			buildConfigurations = (
				84CA16D91ACC685300E7197B /* Debug */,
				84CA16DA1ACC685300E7197B /* Release */,
			);
			defaultConfigurationIsVisible = 0;
		};
/* End XCConfigurationList section */
	};
	rootObject = 84CA16AA1ACC685300E7197B /* Project object */;
}
